
Microsoft Visual Studio Solution File, Format Version 12.00
# Visual Studio 15
VisualStudioVersion = 15.0.27428.2043
MinimumVisualStudioVersion = 10.0.40219.1
Project("{FAE04EC0-301F-11D3-BF4B-00C04F79EFBC}") = "CodeInject", "CodeInject\CodeInject.csproj", "{65A32FCB-35CA-4B67-97A8-E0773A1C610C}"
EndProject
Global
	GlobalSection(SolutionConfigurationPlatforms) = preSolution
		Debug|Any CPU = Debug|Any CPU
		Release|Any CPU = Release|Any CPU
	EndGlobalSection
	GlobalSection(ProjectConfigurationPlatforms) = postSolution
		{65A32FCB-35CA-4B67-97A8-E0773A1C610C}.Debug|Any CPU.ActiveCfg = Debug|Any CPU
		{65A32FCB-35CA-4B67-97A8-E0773A1C610C}.Debug|Any CPU.Build.0 = Debug|Any CPU
		{65A32FCB-35CA-4B67-97A8-E0773A1C610C}.Release|Any CPU.ActiveCfg = Release|Any CPU
		{65A32FCB-35CA-4B67-97A8-E0773A1C610C}.Release|Any CPU.Build.0 = Release|Any CPU
	EndGlobalSection
	GlobalSection(SolutionProperties) = preSolution
		HideSolutionNode = FALSE
	EndGlobalSection
	GlobalSection(ExtensibilityGlobals) = postSolution
		SolutionGuid = {172955CA-01D9-4C4F-A267-B6B52B273C08}
	EndGlobalSection
EndGlobal
