
Microsoft Visual Studio Solution File, Format Version 12.00
# Visual Studio 15
VisualStudioVersion = 15.0.27428.2043
MinimumVisualStudioVersion = 10.0.40219.1
Project("{FAE04EC0-301F-11D3-BF4B-00C04F79EFBC}") = "CodeInject", "CodeInject\CodeInject.csproj", "{65A32FCB-35CA-4B67-97A8-E0773A1C610C}"
EndProject
Project("{8BC9CEB8-8B4A-11D0-8D11-00A0C91BC942}") = "Bootstrap", "Bootstrap\Bootstrap.vcxproj", "{54D8E338-654A-455C-8AA3-E9C7CB7CA22F}"
EndProject
Global
	GlobalSection(SolutionConfigurationPlatforms) = preSolution
		Debug|Any CPU = Debug|Any CPU
		Debug|ARM = Debug|ARM
		Debug|x64 = Debug|x64
		Debug|x86 = Debug|x86
		Release|Any CPU = Release|Any CPU
		Release|ARM = Release|ARM
		Release|x64 = Release|x64
		Release|x86 = Release|x86
	EndGlobalSection
	GlobalSection(ProjectConfigurationPlatforms) = postSolution
		{65A32FCB-35CA-4B67-97A8-E0773A1C610C}.Debug|Any CPU.ActiveCfg = Debug|Any CPU
		{65A32FCB-35CA-4B67-97A8-E0773A1C610C}.Debug|Any CPU.Build.0 = Debug|Any CPU
		{65A32FCB-35CA-4B67-97A8-E0773A1C610C}.Debug|ARM.ActiveCfg = Debug|Any CPU
		{65A32FCB-35CA-4B67-97A8-E0773A1C610C}.Debug|ARM.Build.0 = Debug|Any CPU
		{65A32FCB-35CA-4B67-97A8-E0773A1C610C}.Debug|x64.ActiveCfg = Debug|Any CPU
		{65A32FCB-35CA-4B67-97A8-E0773A1C610C}.Debug|x64.Build.0 = Debug|Any CPU
		{65A32FCB-35CA-4B67-97A8-E0773A1C610C}.Debug|x86.ActiveCfg = Debug|Any CPU
		{65A32FCB-35CA-4B67-97A8-E0773A1C610C}.Debug|x86.Build.0 = Debug|Any CPU
		{65A32FCB-35CA-4B67-97A8-E0773A1C610C}.Release|Any CPU.ActiveCfg = Release|Any CPU
		{65A32FCB-35CA-4B67-97A8-E0773A1C610C}.Release|Any CPU.Build.0 = Release|Any CPU
		{65A32FCB-35CA-4B67-97A8-E0773A1C610C}.Release|ARM.ActiveCfg = Release|Any CPU
		{65A32FCB-35CA-4B67-97A8-E0773A1C610C}.Release|ARM.Build.0 = Release|Any CPU
		{65A32FCB-35CA-4B67-97A8-E0773A1C610C}.Release|x64.ActiveCfg = Release|Any CPU
		{65A32FCB-35CA-4B67-97A8-E0773A1C610C}.Release|x64.Build.0 = Release|Any CPU
		{65A32FCB-35CA-4B67-97A8-E0773A1C610C}.Release|x86.ActiveCfg = Release|Any CPU
		{65A32FCB-35CA-4B67-97A8-E0773A1C610C}.Release|x86.Build.0 = Release|Any CPU
		{54D8E338-654A-455C-8AA3-E9C7CB7CA22F}.Debug|Any CPU.ActiveCfg = Debug|Win32
		{54D8E338-654A-455C-8AA3-E9C7CB7CA22F}.Debug|Any CPU.Build.0 = Debug|Win32
		{54D8E338-654A-455C-8AA3-E9C7CB7CA22F}.Debug|ARM.ActiveCfg = Debug|ARM
		{54D8E338-654A-455C-8AA3-E9C7CB7CA22F}.Debug|ARM.Build.0 = Debug|ARM
		{54D8E338-654A-455C-8AA3-E9C7CB7CA22F}.Debug|x64.ActiveCfg = Debug|x64
		{54D8E338-654A-455C-8AA3-E9C7CB7CA22F}.Debug|x64.Build.0 = Debug|x64
		{54D8E338-654A-455C-8AA3-E9C7CB7CA22F}.Debug|x86.ActiveCfg = Debug|Win32
		{54D8E338-654A-455C-8AA3-E9C7CB7CA22F}.Debug|x86.Build.0 = Debug|Win32
		{54D8E338-654A-455C-8AA3-E9C7CB7CA22F}.Release|Any CPU.ActiveCfg = Release|Win32
		{54D8E338-654A-455C-8AA3-E9C7CB7CA22F}.Release|ARM.ActiveCfg = Release|ARM
		{54D8E338-654A-455C-8AA3-E9C7CB7CA22F}.Release|ARM.Build.0 = Release|ARM
		{54D8E338-654A-455C-8AA3-E9C7CB7CA22F}.Release|x64.ActiveCfg = Release|x64
		{54D8E338-654A-455C-8AA3-E9C7CB7CA22F}.Release|x64.Build.0 = Release|x64
		{54D8E338-654A-455C-8AA3-E9C7CB7CA22F}.Release|x86.ActiveCfg = Release|Win32
		{54D8E338-654A-455C-8AA3-E9C7CB7CA22F}.Release|x86.Build.0 = Release|Win32
	EndGlobalSection
	GlobalSection(SolutionProperties) = preSolution
		HideSolutionNode = FALSE
	EndGlobalSection
	GlobalSection(ExtensibilityGlobals) = postSolution
		SolutionGuid = {172955CA-01D9-4C4F-A267-B6B52B273C08}
	EndGlobalSection
EndGlobal
